// !$*UTF8*$!
{
	archiveVersion = 1;
	classes = {
	};
	objectVersion = 48;
	objects = {

/* Begin PBXBuildFile section */
		419622894856E6999F8741FB /* Pods_Lodjinha_B2WUITests.framework in Frameworks */ = {isa = PBXBuildFile; fileRef = F6A192E85467919717911F57 /* Pods_Lodjinha_B2WUITests.framework */; };
		6D4A39722016318200E855B4 /* AppDelegate.swift in Sources */ = {isa = PBXBuildFile; fileRef = 6D4A39712016318200E855B4 /* AppDelegate.swift */; };
		6D4A39742016318200E855B4 /* HomeViewController.swift in Sources */ = {isa = PBXBuildFile; fileRef = 6D4A39732016318200E855B4 /* HomeViewController.swift */; };
		6D4A39772016318200E855B4 /* Main.storyboard in Resources */ = {isa = PBXBuildFile; fileRef = 6D4A39752016318200E855B4 /* Main.storyboard */; };
		6D4A39792016318200E855B4 /* Assets.xcassets in Resources */ = {isa = PBXBuildFile; fileRef = 6D4A39782016318200E855B4 /* Assets.xcassets */; };
		6D4A397C2016318200E855B4 /* LaunchScreen.storyboard in Resources */ = {isa = PBXBuildFile; fileRef = 6D4A397A2016318200E855B4 /* LaunchScreen.storyboard */; };
		6D4A39872016318200E855B4 /* Lodjinha_B2WTests.swift in Sources */ = {isa = PBXBuildFile; fileRef = 6D4A39862016318200E855B4 /* Lodjinha_B2WTests.swift */; };
		6D4A39922016318200E855B4 /* Lodjinha_B2WUITests.swift in Sources */ = {isa = PBXBuildFile; fileRef = 6D4A39912016318200E855B4 /* Lodjinha_B2WUITests.swift */; };
		9DECE4BC20173BA500F5B1FB /* ProdutoViewCell.swift in Sources */ = {isa = PBXBuildFile; fileRef = 9DECE4BA20173BA500F5B1FB /* ProdutoViewCell.swift */; };
		9DECE4BD20173BA500F5B1FB /* ProdutoViewCell.xib in Resources */ = {isa = PBXBuildFile; fileRef = 9DECE4BB20173BA500F5B1FB /* ProdutoViewCell.xib */; };
		9DECE4BF2017409E00F5B1FB /* CategoriaViewCell.swift in Sources */ = {isa = PBXBuildFile; fileRef = 9DECE4BE2017409E00F5B1FB /* CategoriaViewCell.swift */; };
		9DECE4C22017496900F5B1FB /* HomeViewControllerExtension.swift in Sources */ = {isa = PBXBuildFile; fileRef = 9DECE4C12017496900F5B1FB /* HomeViewControllerExtension.swift */; };
		9DECE4C420175CD000F5B1FB /* ModelManager.swift in Sources */ = {isa = PBXBuildFile; fileRef = 9DECE4C320175CD000F5B1FB /* ModelManager.swift */; };
		9DECE4C620175DD600F5B1FB /* Banner.swift in Sources */ = {isa = PBXBuildFile; fileRef = 9DECE4C520175DD600F5B1FB /* Banner.swift */; };
		9DECE4C820175F5200F5B1FB /* Categoria.swift in Sources */ = {isa = PBXBuildFile; fileRef = 9DECE4C720175F5200F5B1FB /* Categoria.swift */; };
		9DECE4CA2017607900F5B1FB /* Produto.swift in Sources */ = {isa = PBXBuildFile; fileRef = 9DECE4C92017607900F5B1FB /* Produto.swift */; };
		9DECE4CC201762C900F5B1FB /* LodjinhaAPI.swift in Sources */ = {isa = PBXBuildFile; fileRef = 9DECE4CB201762C900F5B1FB /* LodjinhaAPI.swift */; };
		9DECE4CF20178CC400F5B1FB /* SobreViewController.swift in Sources */ = {isa = PBXBuildFile; fileRef = 9DECE4CE20178CC400F5B1FB /* SobreViewController.swift */; };
		9DECE4D120178D4B00F5B1FB /* DateExtension.swift in Sources */ = {isa = PBXBuildFile; fileRef = 9DECE4D020178D4B00F5B1FB /* DateExtension.swift */; };
		9DECE4D320178DF500F5B1FB /* ListaProdutoTableViewController.swift in Sources */ = {isa = PBXBuildFile; fileRef = 9DECE4D220178DF500F5B1FB /* ListaProdutoTableViewController.swift */; };
		9DECE4D52017955200F5B1FB /* DetailsViewController.swift in Sources */ = {isa = PBXBuildFile; fileRef = 9DECE4D42017955200F5B1FB /* DetailsViewController.swift */; };
		D1F24B8CA790C1A24A2C0249 /* Pods_Lodjinha_B2WTests.framework in Frameworks */ = {isa = PBXBuildFile; fileRef = 63B35EB99746BA1F1B237265 /* Pods_Lodjinha_B2WTests.framework */; };
		ED48F9D90AD21ACDF992B4EC /* Pods_Lodjinha_B2W.framework in Frameworks */ = {isa = PBXBuildFile; fileRef = BFEC2C62343B249D27C246FA /* Pods_Lodjinha_B2W.framework */; };
/* End PBXBuildFile section */

/* Begin PBXContainerItemProxy section */
		6D4A39832016318200E855B4 /* PBXContainerItemProxy */ = {
			isa = PBXContainerItemProxy;
			containerPortal = 6D4A39662016318200E855B4 /* Project object */;
			proxyType = 1;
			remoteGlobalIDString = 6D4A396D2016318200E855B4;
			remoteInfo = "Lodjinha-B2W";
		};
		6D4A398E2016318200E855B4 /* PBXContainerItemProxy */ = {
			isa = PBXContainerItemProxy;
			containerPortal = 6D4A39662016318200E855B4 /* Project object */;
			proxyType = 1;
			remoteGlobalIDString = 6D4A396D2016318200E855B4;
			remoteInfo = "Lodjinha-B2W";
		};
/* End PBXContainerItemProxy section */

/* Begin PBXFileReference section */
		48D72F7C278D82DCE42802DF /* Pods-Lodjinha-B2W.release.xcconfig */ = {isa = PBXFileReference; includeInIndex = 1; lastKnownFileType = text.xcconfig; name = "Pods-Lodjinha-B2W.release.xcconfig"; path = "Pods/Target Support Files/Pods-Lodjinha-B2W/Pods-Lodjinha-B2W.release.xcconfig"; sourceTree = "<group>"; };
		63B35EB99746BA1F1B237265 /* Pods_Lodjinha_B2WTests.framework */ = {isa = PBXFileReference; explicitFileType = wrapper.framework; includeInIndex = 0; path = Pods_Lodjinha_B2WTests.framework; sourceTree = BUILT_PRODUCTS_DIR; };
		6D4A396E2016318200E855B4 /* Lodjinha-B2W.app */ = {isa = PBXFileReference; explicitFileType = wrapper.application; includeInIndex = 0; path = "Lodjinha-B2W.app"; sourceTree = BUILT_PRODUCTS_DIR; };
		6D4A39712016318200E855B4 /* AppDelegate.swift */ = {isa = PBXFileReference; lastKnownFileType = sourcecode.swift; path = AppDelegate.swift; sourceTree = "<group>"; };
		6D4A39732016318200E855B4 /* HomeViewController.swift */ = {isa = PBXFileReference; lastKnownFileType = sourcecode.swift; path = HomeViewController.swift; sourceTree = "<group>"; };
		6D4A39762016318200E855B4 /* Base */ = {isa = PBXFileReference; lastKnownFileType = file.storyboard; name = Base; path = Base.lproj/Main.storyboard; sourceTree = "<group>"; };
		6D4A39782016318200E855B4 /* Assets.xcassets */ = {isa = PBXFileReference; lastKnownFileType = folder.assetcatalog; path = Assets.xcassets; sourceTree = "<group>"; };
		6D4A397B2016318200E855B4 /* Base */ = {isa = PBXFileReference; lastKnownFileType = file.storyboard; name = Base; path = Base.lproj/LaunchScreen.storyboard; sourceTree = "<group>"; };
		6D4A397D2016318200E855B4 /* Info.plist */ = {isa = PBXFileReference; lastKnownFileType = text.plist.xml; path = Info.plist; sourceTree = "<group>"; };
		6D4A39822016318200E855B4 /* Lodjinha-B2WTests.xctest */ = {isa = PBXFileReference; explicitFileType = wrapper.cfbundle; includeInIndex = 0; path = "Lodjinha-B2WTests.xctest"; sourceTree = BUILT_PRODUCTS_DIR; };
		6D4A39862016318200E855B4 /* Lodjinha_B2WTests.swift */ = {isa = PBXFileReference; lastKnownFileType = sourcecode.swift; path = Lodjinha_B2WTests.swift; sourceTree = "<group>"; };
		6D4A39882016318200E855B4 /* Info.plist */ = {isa = PBXFileReference; lastKnownFileType = text.plist.xml; path = Info.plist; sourceTree = "<group>"; };
		6D4A398D2016318200E855B4 /* Lodjinha-B2WUITests.xctest */ = {isa = PBXFileReference; explicitFileType = wrapper.cfbundle; includeInIndex = 0; path = "Lodjinha-B2WUITests.xctest"; sourceTree = BUILT_PRODUCTS_DIR; };
		6D4A39912016318200E855B4 /* Lodjinha_B2WUITests.swift */ = {isa = PBXFileReference; lastKnownFileType = sourcecode.swift; path = Lodjinha_B2WUITests.swift; sourceTree = "<group>"; };
		6D4A39932016318200E855B4 /* Info.plist */ = {isa = PBXFileReference; lastKnownFileType = text.plist.xml; path = Info.plist; sourceTree = "<group>"; };
		7A7AA8BD883F2D2464743938 /* Pods-Lodjinha-B2WUITests.debug.xcconfig */ = {isa = PBXFileReference; includeInIndex = 1; lastKnownFileType = text.xcconfig; name = "Pods-Lodjinha-B2WUITests.debug.xcconfig"; path = "Pods/Target Support Files/Pods-Lodjinha-B2WUITests/Pods-Lodjinha-B2WUITests.debug.xcconfig"; sourceTree = "<group>"; };
		7D92FC7E59B051AA6E437A5B /* Pods-Lodjinha-B2WUITests.release.xcconfig */ = {isa = PBXFileReference; includeInIndex = 1; lastKnownFileType = text.xcconfig; name = "Pods-Lodjinha-B2WUITests.release.xcconfig"; path = "Pods/Target Support Files/Pods-Lodjinha-B2WUITests/Pods-Lodjinha-B2WUITests.release.xcconfig"; sourceTree = "<group>"; };
		848090DD84F799D43C97BE65 /* Pods-Lodjinha-B2W.debug.xcconfig */ = {isa = PBXFileReference; includeInIndex = 1; lastKnownFileType = text.xcconfig; name = "Pods-Lodjinha-B2W.debug.xcconfig"; path = "Pods/Target Support Files/Pods-Lodjinha-B2W/Pods-Lodjinha-B2W.debug.xcconfig"; sourceTree = "<group>"; };
		882E7B48C40101C63C74AEE5 /* Pods-Lodjinha-B2WTests.release.xcconfig */ = {isa = PBXFileReference; includeInIndex = 1; lastKnownFileType = text.xcconfig; name = "Pods-Lodjinha-B2WTests.release.xcconfig"; path = "Pods/Target Support Files/Pods-Lodjinha-B2WTests/Pods-Lodjinha-B2WTests.release.xcconfig"; sourceTree = "<group>"; };
		9DECE4BA20173BA500F5B1FB /* ProdutoViewCell.swift */ = {isa = PBXFileReference; lastKnownFileType = sourcecode.swift; path = ProdutoViewCell.swift; sourceTree = "<group>"; };
		9DECE4BB20173BA500F5B1FB /* ProdutoViewCell.xib */ = {isa = PBXFileReference; lastKnownFileType = file.xib; path = ProdutoViewCell.xib; sourceTree = "<group>"; };
		9DECE4BE2017409E00F5B1FB /* CategoriaViewCell.swift */ = {isa = PBXFileReference; lastKnownFileType = sourcecode.swift; path = CategoriaViewCell.swift; sourceTree = "<group>"; };
		9DECE4C12017496900F5B1FB /* HomeViewControllerExtension.swift */ = {isa = PBXFileReference; lastKnownFileType = sourcecode.swift; path = HomeViewControllerExtension.swift; sourceTree = "<group>"; };
		9DECE4C320175CD000F5B1FB /* ModelManager.swift */ = {isa = PBXFileReference; fileEncoding = 4; lastKnownFileType = sourcecode.swift; path = ModelManager.swift; sourceTree = "<group>"; };
		9DECE4C520175DD600F5B1FB /* Banner.swift */ = {isa = PBXFileReference; lastKnownFileType = sourcecode.swift; path = Banner.swift; sourceTree = "<group>"; };
		9DECE4C720175F5200F5B1FB /* Categoria.swift */ = {isa = PBXFileReference; lastKnownFileType = sourcecode.swift; path = Categoria.swift; sourceTree = "<group>"; };
		9DECE4C92017607900F5B1FB /* Produto.swift */ = {isa = PBXFileReference; lastKnownFileType = sourcecode.swift; path = Produto.swift; sourceTree = "<group>"; };
		9DECE4CB201762C900F5B1FB /* LodjinhaAPI.swift */ = {isa = PBXFileReference; lastKnownFileType = sourcecode.swift; path = LodjinhaAPI.swift; sourceTree = "<group>"; };
		9DECE4CD2017647700F5B1FB /* Pacifico-Regular.ttf */ = {isa = PBXFileReference; lastKnownFileType = file; path = "Pacifico-Regular.ttf"; sourceTree = "<group>"; };
		9DECE4CE20178CC400F5B1FB /* SobreViewController.swift */ = {isa = PBXFileReference; lastKnownFileType = sourcecode.swift; path = SobreViewController.swift; sourceTree = "<group>"; };
		9DECE4D020178D4B00F5B1FB /* DateExtension.swift */ = {isa = PBXFileReference; lastKnownFileType = sourcecode.swift; path = DateExtension.swift; sourceTree = "<group>"; };
		9DECE4D220178DF500F5B1FB /* ListaProdutoTableViewController.swift */ = {isa = PBXFileReference; lastKnownFileType = sourcecode.swift; path = ListaProdutoTableViewController.swift; sourceTree = "<group>"; };
		9DECE4D42017955200F5B1FB /* DetailsViewController.swift */ = {isa = PBXFileReference; lastKnownFileType = sourcecode.swift; path = DetailsViewController.swift; sourceTree = "<group>"; };
		A0473DD2BC43B126F5407528 /* Pods-Lodjinha-B2WTests.debug.xcconfig */ = {isa = PBXFileReference; includeInIndex = 1; lastKnownFileType = text.xcconfig; name = "Pods-Lodjinha-B2WTests.debug.xcconfig"; path = "Pods/Target Support Files/Pods-Lodjinha-B2WTests/Pods-Lodjinha-B2WTests.debug.xcconfig"; sourceTree = "<group>"; };
		BFEC2C62343B249D27C246FA /* Pods_Lodjinha_B2W.framework */ = {isa = PBXFileReference; explicitFileType = wrapper.framework; includeInIndex = 0; path = Pods_Lodjinha_B2W.framework; sourceTree = BUILT_PRODUCTS_DIR; };
		F6A192E85467919717911F57 /* Pods_Lodjinha_B2WUITests.framework */ = {isa = PBXFileReference; explicitFileType = wrapper.framework; includeInIndex = 0; path = Pods_Lodjinha_B2WUITests.framework; sourceTree = BUILT_PRODUCTS_DIR; };
/* End PBXFileReference section */

/* Begin PBXFrameworksBuildPhase section */
		6D4A396B2016318200E855B4 /* Frameworks */ = {
			isa = PBXFrameworksBuildPhase;
			buildActionMask = 2147483647;
			files = (
				ED48F9D90AD21ACDF992B4EC /* Pods_Lodjinha_B2W.framework in Frameworks */,
			);
			runOnlyForDeploymentPostprocessing = 0;
		};
		6D4A397F2016318200E855B4 /* Frameworks */ = {
			isa = PBXFrameworksBuildPhase;
			buildActionMask = 2147483647;
			files = (
				D1F24B8CA790C1A24A2C0249 /* Pods_Lodjinha_B2WTests.framework in Frameworks */,
			);
			runOnlyForDeploymentPostprocessing = 0;
		};
		6D4A398A2016318200E855B4 /* Frameworks */ = {
			isa = PBXFrameworksBuildPhase;
			buildActionMask = 2147483647;
			files = (
				419622894856E6999F8741FB /* Pods_Lodjinha_B2WUITests.framework in Frameworks */,
			);
			runOnlyForDeploymentPostprocessing = 0;
		};
/* End PBXFrameworksBuildPhase section */

/* Begin PBXGroup section */
		0FB0E2ED6A9574ABF452598B /* Pods */ = {
			isa = PBXGroup;
			children = (
				848090DD84F799D43C97BE65 /* Pods-Lodjinha-B2W.debug.xcconfig */,
				48D72F7C278D82DCE42802DF /* Pods-Lodjinha-B2W.release.xcconfig */,
				A0473DD2BC43B126F5407528 /* Pods-Lodjinha-B2WTests.debug.xcconfig */,
				882E7B48C40101C63C74AEE5 /* Pods-Lodjinha-B2WTests.release.xcconfig */,
				7A7AA8BD883F2D2464743938 /* Pods-Lodjinha-B2WUITests.debug.xcconfig */,
				7D92FC7E59B051AA6E437A5B /* Pods-Lodjinha-B2WUITests.release.xcconfig */,
			);
			name = Pods;
			sourceTree = "<group>";
		};
		3BCBECEB3AF04D58A52CAF9D /* Frameworks */ = {
			isa = PBXGroup;
			children = (
				BFEC2C62343B249D27C246FA /* Pods_Lodjinha_B2W.framework */,
				63B35EB99746BA1F1B237265 /* Pods_Lodjinha_B2WTests.framework */,
				F6A192E85467919717911F57 /* Pods_Lodjinha_B2WUITests.framework */,
			);
			name = Frameworks;
			sourceTree = "<group>";
		};
		6D4A39652016318200E855B4 = {
			isa = PBXGroup;
			children = (
				6D4A39702016318200E855B4 /* Lodjinha-B2W */,
				6D4A39852016318200E855B4 /* Lodjinha-B2WTests */,
				6D4A39902016318200E855B4 /* Lodjinha-B2WUITests */,
				6D4A396F2016318200E855B4 /* Products */,
				0FB0E2ED6A9574ABF452598B /* Pods */,
				3BCBECEB3AF04D58A52CAF9D /* Frameworks */,
			);
			sourceTree = "<group>";
		};
		6D4A396F2016318200E855B4 /* Products */ = {
			isa = PBXGroup;
			children = (
				6D4A396E2016318200E855B4 /* Lodjinha-B2W.app */,
				6D4A39822016318200E855B4 /* Lodjinha-B2WTests.xctest */,
				6D4A398D2016318200E855B4 /* Lodjinha-B2WUITests.xctest */,
			);
			name = Products;
			sourceTree = "<group>";
		};
		6D4A39702016318200E855B4 /* Lodjinha-B2W */ = {
			isa = PBXGroup;
			children = (
				9DECE4C02017494400F5B1FB /* Extension */,
				9DECE4B9201738D400F5B1FB /* Cell */,
				9DECE4B82017301B00F5B1FB /* ViewController */,
				9DECE4B72017301500F5B1FB /* API */,
				9DECE4B62017300D00F5B1FB /* Model */,
				6D4A39712016318200E855B4 /* AppDelegate.swift */,
				6D4A39752016318200E855B4 /* Main.storyboard */,
				6D4A39782016318200E855B4 /* Assets.xcassets */,
				6D4A397A2016318200E855B4 /* LaunchScreen.storyboard */,
				6D4A397D2016318200E855B4 /* Info.plist */,
				9DECE4CD2017647700F5B1FB /* Pacifico-Regular.ttf */,
			);
			path = "Lodjinha-B2W";
			sourceTree = "<group>";
		};
		6D4A39852016318200E855B4 /* Lodjinha-B2WTests */ = {
			isa = PBXGroup;
			children = (
				6D4A39862016318200E855B4 /* Lodjinha_B2WTests.swift */,
				6D4A39882016318200E855B4 /* Info.plist */,
			);
			path = "Lodjinha-B2WTests";
			sourceTree = "<group>";
		};
		6D4A39902016318200E855B4 /* Lodjinha-B2WUITests */ = {
			isa = PBXGroup;
			children = (
				6D4A39912016318200E855B4 /* Lodjinha_B2WUITests.swift */,
				6D4A39932016318200E855B4 /* Info.plist */,
			);
			path = "Lodjinha-B2WUITests";
			sourceTree = "<group>";
		};
		9DECE4B62017300D00F5B1FB /* Model */ = {
			isa = PBXGroup;
			children = (
				9DECE4C320175CD000F5B1FB /* ModelManager.swift */,
				9DECE4C520175DD600F5B1FB /* Banner.swift */,
				9DECE4C720175F5200F5B1FB /* Categoria.swift */,
				9DECE4C92017607900F5B1FB /* Produto.swift */,
			);
			path = Model;
			sourceTree = "<group>";
		};
		9DECE4B72017301500F5B1FB /* API */ = {
			isa = PBXGroup;
			children = (
				9DECE4CB201762C900F5B1FB /* LodjinhaAPI.swift */,
			);
			path = API;
			sourceTree = "<group>";
		};
		9DECE4B82017301B00F5B1FB /* ViewController */ = {
			isa = PBXGroup;
			children = (
				6D4A39732016318200E855B4 /* HomeViewController.swift */,
				9DECE4CE20178CC400F5B1FB /* SobreViewController.swift */,
				9DECE4D220178DF500F5B1FB /* ListaProdutoTableViewController.swift */,
				9DECE4D42017955200F5B1FB /* DetailsViewController.swift */,
			);
			path = ViewController;
			sourceTree = "<group>";
		};
		9DECE4B9201738D400F5B1FB /* Cell */ = {
			isa = PBXGroup;
			children = (
				9DECE4BA20173BA500F5B1FB /* ProdutoViewCell.swift */,
				9DECE4BB20173BA500F5B1FB /* ProdutoViewCell.xib */,
				9DECE4BE2017409E00F5B1FB /* CategoriaViewCell.swift */,
			);
			path = Cell;
			sourceTree = "<group>";
		};
		9DECE4C02017494400F5B1FB /* Extension */ = {
			isa = PBXGroup;
			children = (
				9DECE4C12017496900F5B1FB /* HomeViewControllerExtension.swift */,
				9DECE4D020178D4B00F5B1FB /* DateExtension.swift */,
			);
			path = Extension;
			sourceTree = "<group>";
		};
/* End PBXGroup section */

/* Begin PBXNativeTarget section */
		6D4A396D2016318200E855B4 /* Lodjinha-B2W */ = {
			isa = PBXNativeTarget;
			buildConfigurationList = 6D4A39962016318200E855B4 /* Build configuration list for PBXNativeTarget "Lodjinha-B2W" */;
			buildPhases = (
				6B4A5120511D176FF4494AD3 /* [CP] Check Pods Manifest.lock */,
				6D4A396A2016318200E855B4 /* Sources */,
				6D4A396B2016318200E855B4 /* Frameworks */,
				6D4A396C2016318200E855B4 /* Resources */,
				BB0D85680CBFF8707D21D39E /* [CP] Embed Pods Frameworks */,
				30E7452AD4567D025BE702F1 /* [CP] Copy Pods Resources */,
			);
			buildRules = (
			);
			dependencies = (
			);
			name = "Lodjinha-B2W";
			productName = "Lodjinha-B2W";
			productReference = 6D4A396E2016318200E855B4 /* Lodjinha-B2W.app */;
			productType = "com.apple.product-type.application";
		};
		6D4A39812016318200E855B4 /* Lodjinha-B2WTests */ = {
			isa = PBXNativeTarget;
			buildConfigurationList = 6D4A39992016318200E855B4 /* Build configuration list for PBXNativeTarget "Lodjinha-B2WTests" */;
			buildPhases = (
				6AE90AD9FD21B3FC8009C460 /* [CP] Check Pods Manifest.lock */,
				6D4A397E2016318200E855B4 /* Sources */,
				6D4A397F2016318200E855B4 /* Frameworks */,
				6D4A39802016318200E855B4 /* Resources */,
				E730BBDE2587CBFC80BB025B /* [CP] Embed Pods Frameworks */,
				EF66395DE914043A007429BF /* [CP] Copy Pods Resources */,
			);
			buildRules = (
			);
			dependencies = (
				6D4A39842016318200E855B4 /* PBXTargetDependency */,
			);
			name = "Lodjinha-B2WTests";
			productName = "Lodjinha-B2WTests";
			productReference = 6D4A39822016318200E855B4 /* Lodjinha-B2WTests.xctest */;
			productType = "com.apple.product-type.bundle.unit-test";
		};
		6D4A398C2016318200E855B4 /* Lodjinha-B2WUITests */ = {
			isa = PBXNativeTarget;
			buildConfigurationList = 6D4A399C2016318200E855B4 /* Build configuration list for PBXNativeTarget "Lodjinha-B2WUITests" */;
			buildPhases = (
				232E5E4E30BC3B983DF1F279 /* [CP] Check Pods Manifest.lock */,
				6D4A39892016318200E855B4 /* Sources */,
				6D4A398A2016318200E855B4 /* Frameworks */,
				6D4A398B2016318200E855B4 /* Resources */,
				30CFA43AA6DC837288E90D20 /* [CP] Embed Pods Frameworks */,
				8DD325A9EDA4AD170A605116 /* [CP] Copy Pods Resources */,
			);
			buildRules = (
			);
			dependencies = (
				6D4A398F2016318200E855B4 /* PBXTargetDependency */,
			);
			name = "Lodjinha-B2WUITests";
			productName = "Lodjinha-B2WUITests";
			productReference = 6D4A398D2016318200E855B4 /* Lodjinha-B2WUITests.xctest */;
			productType = "com.apple.product-type.bundle.ui-testing";
		};
/* End PBXNativeTarget section */

/* Begin PBXProject section */
		6D4A39662016318200E855B4 /* Project object */ = {
			isa = PBXProject;
			attributes = {
				LastSwiftUpdateCheck = 0920;
				LastUpgradeCheck = 0920;
				ORGANIZATIONNAME = Empresinha;
				TargetAttributes = {
					6D4A396D2016318200E855B4 = {
						CreatedOnToolsVersion = 9.2;
						ProvisioningStyle = Automatic;
					};
					6D4A39812016318200E855B4 = {
						CreatedOnToolsVersion = 9.2;
						ProvisioningStyle = Automatic;
						TestTargetID = 6D4A396D2016318200E855B4;
					};
					6D4A398C2016318200E855B4 = {
						CreatedOnToolsVersion = 9.2;
						ProvisioningStyle = Automatic;
						TestTargetID = 6D4A396D2016318200E855B4;
					};
				};
			};
			buildConfigurationList = 6D4A39692016318200E855B4 /* Build configuration list for PBXProject "Lodjinha-B2W" */;
			compatibilityVersion = "Xcode 8.0";
			developmentRegion = en;
			hasScannedForEncodings = 0;
			knownRegions = (
				en,
				Base,
			);
			mainGroup = 6D4A39652016318200E855B4;
			productRefGroup = 6D4A396F2016318200E855B4 /* Products */;
			projectDirPath = "";
			projectRoot = "";
			targets = (
				6D4A396D2016318200E855B4 /* Lodjinha-B2W */,
				6D4A39812016318200E855B4 /* Lodjinha-B2WTests */,
				6D4A398C2016318200E855B4 /* Lodjinha-B2WUITests */,
			);
		};
/* End PBXProject section */

/* Begin PBXResourcesBuildPhase section */
		6D4A396C2016318200E855B4 /* Resources */ = {
			isa = PBXResourcesBuildPhase;
			buildActionMask = 2147483647;
			files = (
				9DECE4BD20173BA500F5B1FB /* ProdutoViewCell.xib in Resources */,
				6D4A397C2016318200E855B4 /* LaunchScreen.storyboard in Resources */,
				6D4A39792016318200E855B4 /* Assets.xcassets in Resources */,
				6D4A39772016318200E855B4 /* Main.storyboard in Resources */,
			);
			runOnlyForDeploymentPostprocessing = 0;
		};
		6D4A39802016318200E855B4 /* Resources */ = {
			isa = PBXResourcesBuildPhase;
			buildActionMask = 2147483647;
			files = (
			);
			runOnlyForDeploymentPostprocessing = 0;
		};
		6D4A398B2016318200E855B4 /* Resources */ = {
			isa = PBXResourcesBuildPhase;
			buildActionMask = 2147483647;
			files = (
			);
			runOnlyForDeploymentPostprocessing = 0;
		};
/* End PBXResourcesBuildPhase section */

/* Begin PBXShellScriptBuildPhase section */
		232E5E4E30BC3B983DF1F279 /* [CP] Check Pods Manifest.lock */ = {
			isa = PBXShellScriptBuildPhase;
			buildActionMask = 2147483647;
			files = (
			);
			inputPaths = (
				"${PODS_PODFILE_DIR_PATH}/Podfile.lock",
				"${PODS_ROOT}/Manifest.lock",
			);
			name = "[CP] Check Pods Manifest.lock";
			outputPaths = (
				"$(DERIVED_FILE_DIR)/Pods-Lodjinha-B2WUITests-checkManifestLockResult.txt",
			);
			runOnlyForDeploymentPostprocessing = 0;
			shellPath = /bin/sh;
			shellScript = "diff \"${PODS_PODFILE_DIR_PATH}/Podfile.lock\" \"${PODS_ROOT}/Manifest.lock\" > /dev/null\nif [ $? != 0 ] ; then\n    # print error to STDERR\n    echo \"error: The sandbox is not in sync with the Podfile.lock. Run 'pod install' or update your CocoaPods installation.\" >&2\n    exit 1\nfi\n# This output is used by Xcode 'outputs' to avoid re-running this script phase.\necho \"SUCCESS\" > \"${SCRIPT_OUTPUT_FILE_0}\"\n";
			showEnvVarsInLog = 0;
		};
		30CFA43AA6DC837288E90D20 /* [CP] Embed Pods Frameworks */ = {
			isa = PBXShellScriptBuildPhase;
			buildActionMask = 2147483647;
			files = (
			);
			inputPaths = (
			);
			name = "[CP] Embed Pods Frameworks";
			outputPaths = (
			);
			runOnlyForDeploymentPostprocessing = 0;
			shellPath = /bin/sh;
			shellScript = "\"${SRCROOT}/Pods/Target Support Files/Pods-Lodjinha-B2WUITests/Pods-Lodjinha-B2WUITests-frameworks.sh\"\n";
			showEnvVarsInLog = 0;
		};
		30E7452AD4567D025BE702F1 /* [CP] Copy Pods Resources */ = {
			isa = PBXShellScriptBuildPhase;
			buildActionMask = 2147483647;
			files = (
			);
			inputPaths = (
			);
			name = "[CP] Copy Pods Resources";
			outputPaths = (
			);
			runOnlyForDeploymentPostprocessing = 0;
			shellPath = /bin/sh;
			shellScript = "\"${SRCROOT}/Pods/Target Support Files/Pods-Lodjinha-B2W/Pods-Lodjinha-B2W-resources.sh\"\n";
			showEnvVarsInLog = 0;
		};
		6AE90AD9FD21B3FC8009C460 /* [CP] Check Pods Manifest.lock */ = {
			isa = PBXShellScriptBuildPhase;
			buildActionMask = 2147483647;
			files = (
			);
			inputPaths = (
				"${PODS_PODFILE_DIR_PATH}/Podfile.lock",
				"${PODS_ROOT}/Manifest.lock",
			);
			name = "[CP] Check Pods Manifest.lock";
			outputPaths = (
				"$(DERIVED_FILE_DIR)/Pods-Lodjinha-B2WTests-checkManifestLockResult.txt",
			);
			runOnlyForDeploymentPostprocessing = 0;
			shellPath = /bin/sh;
			shellScript = "diff \"${PODS_PODFILE_DIR_PATH}/Podfile.lock\" \"${PODS_ROOT}/Manifest.lock\" > /dev/null\nif [ $? != 0 ] ; then\n    # print error to STDERR\n    echo \"error: The sandbox is not in sync with the Podfile.lock. Run 'pod install' or update your CocoaPods installation.\" >&2\n    exit 1\nfi\n# This output is used by Xcode 'outputs' to avoid re-running this script phase.\necho \"SUCCESS\" > \"${SCRIPT_OUTPUT_FILE_0}\"\n";
			showEnvVarsInLog = 0;
		};
		6B4A5120511D176FF4494AD3 /* [CP] Check Pods Manifest.lock */ = {
			isa = PBXShellScriptBuildPhase;
			buildActionMask = 2147483647;
			files = (
			);
			inputPaths = (
				"${PODS_PODFILE_DIR_PATH}/Podfile.lock",
				"${PODS_ROOT}/Manifest.lock",
			);
			name = "[CP] Check Pods Manifest.lock";
			outputPaths = (
				"$(DERIVED_FILE_DIR)/Pods-Lodjinha-B2W-checkManifestLockResult.txt",
			);
			runOnlyForDeploymentPostprocessing = 0;
			shellPath = /bin/sh;
			shellScript = "diff \"${PODS_PODFILE_DIR_PATH}/Podfile.lock\" \"${PODS_ROOT}/Manifest.lock\" > /dev/null\nif [ $? != 0 ] ; then\n    # print error to STDERR\n    echo \"error: The sandbox is not in sync with the Podfile.lock. Run 'pod install' or update your CocoaPods installation.\" >&2\n    exit 1\nfi\n# This output is used by Xcode 'outputs' to avoid re-running this script phase.\necho \"SUCCESS\" > \"${SCRIPT_OUTPUT_FILE_0}\"\n";
			showEnvVarsInLog = 0;
		};
		8DD325A9EDA4AD170A605116 /* [CP] Copy Pods Resources */ = {
			isa = PBXShellScriptBuildPhase;
			buildActionMask = 2147483647;
			files = (
			);
			inputPaths = (
			);
			name = "[CP] Copy Pods Resources";
			outputPaths = (
			);
			runOnlyForDeploymentPostprocessing = 0;
			shellPath = /bin/sh;
			shellScript = "\"${SRCROOT}/Pods/Target Support Files/Pods-Lodjinha-B2WUITests/Pods-Lodjinha-B2WUITests-resources.sh\"\n";
			showEnvVarsInLog = 0;
		};
		BB0D85680CBFF8707D21D39E /* [CP] Embed Pods Frameworks */ = {
			isa = PBXShellScriptBuildPhase;
			buildActionMask = 2147483647;
			files = (
			);
			inputPaths = (
				"${SRCROOT}/Pods/Target Support Files/Pods-Lodjinha-B2W/Pods-Lodjinha-B2W-frameworks.sh",
				"${BUILT_PRODUCTS_DIR}/Alamofire/Alamofire.framework",
				"${BUILT_PRODUCTS_DIR}/AlamofireImage/AlamofireImage.framework",
				"${BUILT_PRODUCTS_DIR}/AlamofireObjectMapper/AlamofireObjectMapper.framework",
				"${BUILT_PRODUCTS_DIR}/ObjectMapper/ObjectMapper.framework",
			);
			name = "[CP] Embed Pods Frameworks";
			outputPaths = (
				"${TARGET_BUILD_DIR}/${FRAMEWORKS_FOLDER_PATH}/Alamofire.framework",
				"${TARGET_BUILD_DIR}/${FRAMEWORKS_FOLDER_PATH}/AlamofireImage.framework",
				"${TARGET_BUILD_DIR}/${FRAMEWORKS_FOLDER_PATH}/AlamofireObjectMapper.framework",
				"${TARGET_BUILD_DIR}/${FRAMEWORKS_FOLDER_PATH}/ObjectMapper.framework",
			);
			runOnlyForDeploymentPostprocessing = 0;
			shellPath = /bin/sh;
			shellScript = "\"${SRCROOT}/Pods/Target Support Files/Pods-Lodjinha-B2W/Pods-Lodjinha-B2W-frameworks.sh\"\n";
			showEnvVarsInLog = 0;
		};
		E730BBDE2587CBFC80BB025B /* [CP] Embed Pods Frameworks */ = {
			isa = PBXShellScriptBuildPhase;
			buildActionMask = 2147483647;
			files = (
			);
			inputPaths = (
			);
			name = "[CP] Embed Pods Frameworks";
			outputPaths = (
			);
			runOnlyForDeploymentPostprocessing = 0;
			shellPath = /bin/sh;
			shellScript = "\"${SRCROOT}/Pods/Target Support Files/Pods-Lodjinha-B2WTests/Pods-Lodjinha-B2WTests-frameworks.sh\"\n";
			showEnvVarsInLog = 0;
		};
		EF66395DE914043A007429BF /* [CP] Copy Pods Resources */ = {
			isa = PBXShellScriptBuildPhase;
			buildActionMask = 2147483647;
			files = (
			);
			inputPaths = (
			);
			name = "[CP] Copy Pods Resources";
			outputPaths = (
			);
			runOnlyForDeploymentPostprocessing = 0;
			shellPath = /bin/sh;
			shellScript = "\"${SRCROOT}/Pods/Target Support Files/Pods-Lodjinha-B2WTests/Pods-Lodjinha-B2WTests-resources.sh\"\n";
			showEnvVarsInLog = 0;
		};
/* End PBXShellScriptBuildPhase section */

/* Begin PBXSourcesBuildPhase section */
		6D4A396A2016318200E855B4 /* Sources */ = {
			isa = PBXSourcesBuildPhase;
			buildActionMask = 2147483647;
			files = (
				9DECE4BF2017409E00F5B1FB /* CategoriaViewCell.swift in Sources */,
				9DECE4D320178DF500F5B1FB /* ListaProdutoTableViewController.swift in Sources */,
				9DECE4D120178D4B00F5B1FB /* DateExtension.swift in Sources */,
				9DECE4C820175F5200F5B1FB /* Categoria.swift in Sources */,
				9DECE4CA2017607900F5B1FB /* Produto.swift in Sources */,
				9DECE4C22017496900F5B1FB /* HomeViewControllerExtension.swift in Sources */,
				6D4A39742016318200E855B4 /* HomeViewController.swift in Sources */,
				6D4A39722016318200E855B4 /* AppDelegate.swift in Sources */,
				9DECE4C620175DD600F5B1FB /* Banner.swift in Sources */,
				9DECE4CF20178CC400F5B1FB /* SobreViewController.swift in Sources */,
				9DECE4CC201762C900F5B1FB /* LodjinhaAPI.swift in Sources */,
				9DECE4D52017955200F5B1FB /* DetailsViewController.swift in Sources */,
				9DECE4BC20173BA500F5B1FB /* ProdutoViewCell.swift in Sources */,
				9DECE4C420175CD000F5B1FB /* ModelManager.swift in Sources */,
			);
			runOnlyForDeploymentPostprocessing = 0;
		};
		6D4A397E2016318200E855B4 /* Sources */ = {
			isa = PBXSourcesBuildPhase;
			buildActionMask = 2147483647;
			files = (
				6D4A39872016318200E855B4 /* Lodjinha_B2WTests.swift in Sources */,
			);
			runOnlyForDeploymentPostprocessing = 0;
		};
		6D4A39892016318200E855B4 /* Sources */ = {
			isa = PBXSourcesBuildPhase;
			buildActionMask = 2147483647;
			files = (
				6D4A39922016318200E855B4 /* Lodjinha_B2WUITests.swift in Sources */,
			);
			runOnlyForDeploymentPostprocessing = 0;
		};
/* End PBXSourcesBuildPhase section */

/* Begin PBXTargetDependency section */
		6D4A39842016318200E855B4 /* PBXTargetDependency */ = {
			isa = PBXTargetDependency;
			target = 6D4A396D2016318200E855B4 /* Lodjinha-B2W */;
			targetProxy = 6D4A39832016318200E855B4 /* PBXContainerItemProxy */;
		};
		6D4A398F2016318200E855B4 /* PBXTargetDependency */ = {
			isa = PBXTargetDependency;
			target = 6D4A396D2016318200E855B4 /* Lodjinha-B2W */;
			targetProxy = 6D4A398E2016318200E855B4 /* PBXContainerItemProxy */;
		};
/* End PBXTargetDependency section */

/* Begin PBXVariantGroup section */
		6D4A39752016318200E855B4 /* Main.storyboard */ = {
			isa = PBXVariantGroup;
			children = (
				6D4A39762016318200E855B4 /* Base */,
			);
			name = Main.storyboard;
			sourceTree = "<group>";
		};
		6D4A397A2016318200E855B4 /* LaunchScreen.storyboard */ = {
			isa = PBXVariantGroup;
			children = (
				6D4A397B2016318200E855B4 /* Base */,
			);
			name = LaunchScreen.storyboard;
			sourceTree = "<group>";
		};
/* End PBXVariantGroup section */

/* Begin XCBuildConfiguration section */
		6D4A39942016318200E855B4 /* Debug */ = {
			isa = XCBuildConfiguration;
			buildSettings = {
				ALWAYS_SEARCH_USER_PATHS = NO;
				CLANG_ANALYZER_NONNULL = YES;
				CLANG_ANALYZER_NUMBER_OBJECT_CONVERSION = YES_AGGRESSIVE;
				CLANG_CXX_LANGUAGE_STANDARD = "gnu++14";
				CLANG_CXX_LIBRARY = "libc++";
				CLANG_ENABLE_MODULES = YES;
				CLANG_ENABLE_OBJC_ARC = YES;
				CLANG_WARN_BLOCK_CAPTURE_AUTORELEASING = YES;
				CLANG_WARN_BOOL_CONVERSION = YES;
				CLANG_WARN_COMMA = YES;
				CLANG_WARN_CONSTANT_CONVERSION = YES;
				CLANG_WARN_DIRECT_OBJC_ISA_USAGE = YES_ERROR;
				CLANG_WARN_DOCUMENTATION_COMMENTS = YES;
				CLANG_WARN_EMPTY_BODY = YES;
				CLANG_WARN_ENUM_CONVERSION = YES;
				CLANG_WARN_INFINITE_RECURSION = YES;
				CLANG_WARN_INT_CONVERSION = YES;
				CLANG_WARN_NON_LITERAL_NULL_CONVERSION = YES;
				CLANG_WARN_OBJC_LITERAL_CONVERSION = YES;
				CLANG_WARN_OBJC_ROOT_CLASS = YES_ERROR;
				CLANG_WARN_RANGE_LOOP_ANALYSIS = YES;
				CLANG_WARN_STRICT_PROTOTYPES = YES;
				CLANG_WARN_SUSPICIOUS_MOVE = YES;
				CLANG_WARN_UNGUARDED_AVAILABILITY = YES_AGGRESSIVE;
				CLANG_WARN_UNREACHABLE_CODE = YES;
				CLANG_WARN__DUPLICATE_METHOD_MATCH = YES;
				CODE_SIGN_IDENTITY = "iPhone Developer";
				COPY_PHASE_STRIP = NO;
				DEBUG_INFORMATION_FORMAT = dwarf;
				ENABLE_STRICT_OBJC_MSGSEND = YES;
				ENABLE_TESTABILITY = YES;
				GCC_C_LANGUAGE_STANDARD = gnu11;
				GCC_DYNAMIC_NO_PIC = NO;
				GCC_NO_COMMON_BLOCKS = YES;
				GCC_OPTIMIZATION_LEVEL = 0;
				GCC_PREPROCESSOR_DEFINITIONS = (
					"DEBUG=1",
					"$(inherited)",
				);
				GCC_WARN_64_TO_32_BIT_CONVERSION = YES;
				GCC_WARN_ABOUT_RETURN_TYPE = YES_ERROR;
				GCC_WARN_UNDECLARED_SELECTOR = YES;
				GCC_WARN_UNINITIALIZED_AUTOS = YES_AGGRESSIVE;
				GCC_WARN_UNUSED_FUNCTION = YES;
				GCC_WARN_UNUSED_VARIABLE = YES;
				IPHONEOS_DEPLOYMENT_TARGET = 11.2;
				MTL_ENABLE_DEBUG_INFO = YES;
				ONLY_ACTIVE_ARCH = YES;
				SDKROOT = iphoneos;
				SWIFT_ACTIVE_COMPILATION_CONDITIONS = DEBUG;
				SWIFT_OPTIMIZATION_LEVEL = "-Onone";
			};
			name = Debug;
		};
		6D4A39952016318200E855B4 /* Release */ = {
			isa = XCBuildConfiguration;
			buildSettings = {
				ALWAYS_SEARCH_USER_PATHS = NO;
				CLANG_ANALYZER_NONNULL = YES;
				CLANG_ANALYZER_NUMBER_OBJECT_CONVERSION = YES_AGGRESSIVE;
				CLANG_CXX_LANGUAGE_STANDARD = "gnu++14";
				CLANG_CXX_LIBRARY = "libc++";
				CLANG_ENABLE_MODULES = YES;
				CLANG_ENABLE_OBJC_ARC = YES;
				CLANG_WARN_BLOCK_CAPTURE_AUTORELEASING = YES;
				CLANG_WARN_BOOL_CONVERSION = YES;
				CLANG_WARN_COMMA = YES;
				CLANG_WARN_CONSTANT_CONVERSION = YES;
				CLANG_WARN_DIRECT_OBJC_ISA_USAGE = YES_ERROR;
				CLANG_WARN_DOCUMENTATION_COMMENTS = YES;
				CLANG_WARN_EMPTY_BODY = YES;
				CLANG_WARN_ENUM_CONVERSION = YES;
				CLANG_WARN_INFINITE_RECURSION = YES;
				CLANG_WARN_INT_CONVERSION = YES;
				CLANG_WARN_NON_LITERAL_NULL_CONVERSION = YES;
				CLANG_WARN_OBJC_LITERAL_CONVERSION = YES;
				CLANG_WARN_OBJC_ROOT_CLASS = YES_ERROR;
				CLANG_WARN_RANGE_LOOP_ANALYSIS = YES;
				CLANG_WARN_STRICT_PROTOTYPES = YES;
				CLANG_WARN_SUSPICIOUS_MOVE = YES;
				CLANG_WARN_UNGUARDED_AVAILABILITY = YES_AGGRESSIVE;
				CLANG_WARN_UNREACHABLE_CODE = YES;
				CLANG_WARN__DUPLICATE_METHOD_MATCH = YES;
				CODE_SIGN_IDENTITY = "iPhone Developer";
				COPY_PHASE_STRIP = NO;
				DEBUG_INFORMATION_FORMAT = "dwarf-with-dsym";
				ENABLE_NS_ASSERTIONS = NO;
				ENABLE_STRICT_OBJC_MSGSEND = YES;
				GCC_C_LANGUAGE_STANDARD = gnu11;
				GCC_NO_COMMON_BLOCKS = YES;
				GCC_WARN_64_TO_32_BIT_CONVERSION = YES;
				GCC_WARN_ABOUT_RETURN_TYPE = YES_ERROR;
				GCC_WARN_UNDECLARED_SELECTOR = YES;
				GCC_WARN_UNINITIALIZED_AUTOS = YES_AGGRESSIVE;
				GCC_WARN_UNUSED_FUNCTION = YES;
				GCC_WARN_UNUSED_VARIABLE = YES;
				IPHONEOS_DEPLOYMENT_TARGET = 11.2;
				MTL_ENABLE_DEBUG_INFO = NO;
				SDKROOT = iphoneos;
				SWIFT_OPTIMIZATION_LEVEL = "-Owholemodule";
				VALIDATE_PRODUCT = YES;
			};
			name = Release;
		};
		6D4A39972016318200E855B4 /* Debug */ = {
			isa = XCBuildConfiguration;
			baseConfigurationReference = 848090DD84F799D43C97BE65 /* Pods-Lodjinha-B2W.debug.xcconfig */;
			buildSettings = {
				ASSETCATALOG_COMPILER_APPICON_NAME = AppIcon;
				CODE_SIGN_STYLE = Automatic;
				DEVELOPMENT_TEAM = "";
				INFOPLIST_FILE = "Lodjinha-B2W/Info.plist";
				LD_RUNPATH_SEARCH_PATHS = "$(inherited) @executable_path/Frameworks";
				PRODUCT_BUNDLE_IDENTIFIER = "Empresinha.Lodjinha-B2W";
				PRODUCT_NAME = "$(TARGET_NAME)";
				SWIFT_VERSION = 4.0;
				TARGETED_DEVICE_FAMILY = "1,2";
			};
			name = Debug;
		};
		6D4A39982016318200E855B4 /* Release */ = {
			isa = XCBuildConfiguration;
			baseConfigurationReference = 48D72F7C278D82DCE42802DF /* Pods-Lodjinha-B2W.release.xcconfig */;
			buildSettings = {
				ASSETCATALOG_COMPILER_APPICON_NAME = AppIcon;
				CODE_SIGN_STYLE = Automatic;
				DEVELOPMENT_TEAM = "";
				INFOPLIST_FILE = "Lodjinha-B2W/Info.plist";
				LD_RUNPATH_SEARCH_PATHS = "$(inherited) @executable_path/Frameworks";
				PRODUCT_BUNDLE_IDENTIFIER = "Empresinha.Lodjinha-B2W";
				PRODUCT_NAME = "$(TARGET_NAME)";
				SWIFT_VERSION = 4.0;
				TARGETED_DEVICE_FAMILY = "1,2";
			};
			name = Release;
		};
		6D4A399A2016318200E855B4 /* Debug */ = {
			isa = XCBuildConfiguration;
			baseConfigurationReference = A0473DD2BC43B126F5407528 /* Pods-Lodjinha-B2WTests.debug.xcconfig */;
			buildSettings = {
				ALWAYS_EMBED_SWIFT_STANDARD_LIBRARIES = YES;
				BUNDLE_LOADER = "$(TEST_HOST)";
				CODE_SIGN_STYLE = Automatic;
				DEVELOPMENT_TEAM = 7NBD68U8QX;
				INFOPLIST_FILE = "Lodjinha-B2WTests/Info.plist";
				LD_RUNPATH_SEARCH_PATHS = "$(inherited) @executable_path/Frameworks @loader_path/Frameworks";
				PRODUCT_BUNDLE_IDENTIFIER = "Empresinha.Lodjinha-B2WTests";
				PRODUCT_NAME = "$(TARGET_NAME)";
				SWIFT_VERSION = 4.0;
				TARGETED_DEVICE_FAMILY = "1,2";
				TEST_HOST = "$(BUILT_PRODUCTS_DIR)/Lodjinha-B2W.app/Lodjinha-B2W";
			};
			name = Debug;
		};
		6D4A399B2016318200E855B4 /* Release */ = {
			isa = XCBuildConfiguration;
			baseConfigurationReference = 882E7B48C40101C63C74AEE5 /* Pods-Lodjinha-B2WTests.release.xcconfig */;
			buildSettings = {
				ALWAYS_EMBED_SWIFT_STANDARD_LIBRARIES = YES;
				BUNDLE_LOADER = "$(TEST_HOST)";
				CODE_SIGN_STYLE = Automatic;
				DEVELOPMENT_TEAM = 7NBD68U8QX;
				INFOPLIST_FILE = "Lodjinha-B2WTests/Info.plist";
				LD_RUNPATH_SEARCH_PATHS = "$(inherited) @executable_path/Frameworks @loader_path/Frameworks";
				PRODUCT_BUNDLE_IDENTIFIER = "Empresinha.Lodjinha-B2WTests";
				PRODUCT_NAME = "$(TARGET_NAME)";
				SWIFT_VERSION = 4.0;
				TARGETED_DEVICE_FAMILY = "1,2";
				TEST_HOST = "$(BUILT_PRODUCTS_DIR)/Lodjinha-B2W.app/Lodjinha-B2W";
			};
			name = Release;
		};
		6D4A399D2016318200E855B4 /* Debug */ = {
			isa = XCBuildConfiguration;
			baseConfigurationReference = 7A7AA8BD883F2D2464743938 /* Pods-Lodjinha-B2WUITests.debug.xcconfig */;
			buildSettings = {
				ALWAYS_EMBED_SWIFT_STANDARD_LIBRARIES = YES;
				CODE_SIGN_STYLE = Automatic;
				DEVELOPMENT_TEAM = 7NBD68U8QX;
				INFOPLIST_FILE = "Lodjinha-B2WUITests/Info.plist";
				LD_RUNPATH_SEARCH_PATHS = "$(inherited) @executable_path/Frameworks @loader_path/Frameworks";
				PRODUCT_BUNDLE_IDENTIFIER = "Empresinha.Lodjinha-B2WUITests";
				PRODUCT_NAME = "$(TARGET_NAME)";
				SWIFT_VERSION = 4.0;
				TARGETED_DEVICE_FAMILY = "1,2";
				TEST_TARGET_NAME = "Lodjinha-B2W";
			};
			name = Debug;
		};
		6D4A399E2016318200E855B4 /* Release */ = {
			isa = XCBuildConfiguration;
			baseConfigurationReference = 7D92FC7E59B051AA6E437A5B /* Pods-Lodjinha-B2WUITests.release.xcconfig */;
			buildSettings = {
				ALWAYS_EMBED_SWIFT_STANDARD_LIBRARIES = YES;
				CODE_SIGN_STYLE = Automatic;
				DEVELOPMENT_TEAM = 7NBD68U8QX;
				INFOPLIST_FILE = "Lodjinha-B2WUITests/Info.plist";
				LD_RUNPATH_SEARCH_PATHS = "$(inherited) @executable_path/Frameworks @loader_path/Frameworks";
				PRODUCT_BUNDLE_IDENTIFIER = "Empresinha.Lodjinha-B2WUITests";
				PRODUCT_NAME = "$(TARGET_NAME)";
				SWIFT_VERSION = 4.0;
				TARGETED_DEVICE_FAMILY = "1,2";
				TEST_TARGET_NAME = "Lodjinha-B2W";
			};
			name = Release;
		};
/* End XCBuildConfiguration section */

/* Begin XCConfigurationList section */
		6D4A39692016318200E855B4 /* Build configuration list for PBXProject "Lodjinha-B2W" */ = {
			isa = XCConfigurationList;
			buildConfigurations = (
				6D4A39942016318200E855B4 /* Debug */,
				6D4A39952016318200E855B4 /* Release */,
			);
			defaultConfigurationIsVisible = 0;
			defaultConfigurationName = Release;
		};
		6D4A39962016318200E855B4 /* Build configuration list for PBXNativeTarget "Lodjinha-B2W" */ = {
			isa = XCConfigurationList;
			buildConfigurations = (
				6D4A39972016318200E855B4 /* Debug */,
				6D4A39982016318200E855B4 /* Release */,
			);
			defaultConfigurationIsVisible = 0;
			defaultConfigurationName = Release;
		};
		6D4A39992016318200E855B4 /* Build configuration list for PBXNativeTarget "Lodjinha-B2WTests" */ = {
			isa = XCConfigurationList;
			buildConfigurations = (
				6D4A399A2016318200E855B4 /* Debug */,
				6D4A399B2016318200E855B4 /* Release */,
			);
			defaultConfigurationIsVisible = 0;
			defaultConfigurationName = Release;
		};
		6D4A399C2016318200E855B4 /* Build configuration list for PBXNativeTarget "Lodjinha-B2WUITests" */ = {
			isa = XCConfigurationList;
			buildConfigurations = (
				6D4A399D2016318200E855B4 /* Debug */,
				6D4A399E2016318200E855B4 /* Release */,
			);
			defaultConfigurationIsVisible = 0;
			defaultConfigurationName = Release;
		};
/* End XCConfigurationList section */
	};
	rootObject = 6D4A39662016318200E855B4 /* Project object */;
}
